
Microsoft Visual Studio Solution File, Format Version 12.00
# Visual Studio Version 17
VisualStudioVersion = 17.10.35013.160
MinimumVisualStudioVersion = 10.0.40219.1
Project("{9A19103F-16F7-4668-BE54-9A1E7A4F7556}") = "RestaurantApp", "RestaurantApp.csproj", "{FC40BF15-B9AD-44BF-91C1-7EA55C2589FE}"
EndProject
Global
	GlobalSection(SolutionConfigurationPlatforms) = preSolution
		Debug|Any CPU = Debug|Any CPU
		Release|Any CPU = Release|Any CPU
	EndGlobalSection
	GlobalSection(ProjectConfigurationPlatforms) = postSolution
		{FC40BF15-B9AD-44BF-91C1-7EA55C2589FE}.Debug|Any CPU.ActiveCfg = Debug|Any CPU
		{FC40BF15-B9AD-44BF-91C1-7EA55C2589FE}.Debug|Any CPU.Build.0 = Debug|Any CPU
		{FC40BF15-B9AD-44BF-91C1-7EA55C2589FE}.Release|Any CPU.ActiveCfg = Release|Any CPU
		{FC40BF15-B9AD-44BF-91C1-7EA55C2589FE}.Release|Any CPU.Build.0 = Release|Any CPU
	EndGlobalSection
	GlobalSection(SolutionProperties) = preSolution
		HideSolutionNode = FALSE
	EndGlobalSection
	GlobalSection(ExtensibilityGlobals) = postSolution
		SolutionGuid = {1FB948A6-2A88-473A-BC8E-79D0895589A2}
	EndGlobalSection
EndGlobal
